{
  "name": "bump-version",
  "version": "1.0.0",
  "lockfileVersion": 3,
  "requires": true,
  "packages": {
    "": {
      "name": "bump-version",
      "version": "1.0.0",
      "license": "ISC",
      "dependencies": {
        "@actions/core": "^1.10.1",
        "@actions/github": "^6.0.0",
        "@pallad/config-toml": "^4.0.1",
        "@xmldom/xmldom": "^0.8.10",
        "confbox": "^0.1.7"
      },
      "devDependencies": {
        "@vercel/ncc": "^0.38.1"
      }
    },
    "node_modules/@actions/core": {
      "version": "1.10.1",
      "resolved": "https://registry.npmjs.org/@actions/core/-/core-1.10.1.tgz",
      "integrity": "sha512-3lBR9EDAY+iYIpTnTIXmWcNbX3T2kCkAEQGIQx4NVQ0575nk2k3GRZDTPQG+vVtS2izSLmINlxXf0uLtnrTP+g==",
      "dependencies": {
        "@actions/http-client": "^2.0.1",
        "uuid": "^8.3.2"
      }
    },
    "node_modules/@actions/github": {
      "version": "6.0.0",
      "resolved": "https://registry.npmjs.org/@actions/github/-/github-6.0.0.tgz",
      "integrity": "sha512-alScpSVnYmjNEXboZjarjukQEzgCRmjMv6Xj47fsdnqGS73bjJNDpiiXmp8jr0UZLdUB6d9jW63IcmddUP+l0g==",
      "dependencies": {
        "@actions/http-client": "^2.2.0",
        "@octokit/core": "^5.0.1",
        "@octokit/plugin-paginate-rest": "^9.0.0",
        "@octokit/plugin-rest-endpoint-methods": "^10.0.0"
      }
    },
    "node_modules/@actions/http-client": {
      "version": "2.2.1",
      "resolved": "https://registry.npmjs.org/@actions/http-client/-/http-client-2.2.1.tgz",
      "integrity": "sha512-KhC/cZsq7f8I4LfZSJKgCvEwfkE8o1538VoBeoGzokVLLnbFDEAdFD3UhoMklxo2un9NJVBdANOresx7vTHlHw==",
      "dependencies": {
        "tunnel": "^0.0.6",
        "undici": "^5.25.4"
      }
    },
    "node_modules/@babel/runtime-corejs3": {
      "version": "7.24.8",
      "resolved": "https://registry.npmjs.org/@babel/runtime-corejs3/-/runtime-corejs3-7.24.8.tgz",
      "integrity": "sha512-DXG/BhegtMHhnN7YPIvxWd303/9aXvYFD1TjNL3CD6tUrhI2LVsg3Lck0aql5TRH29n4sj3emcROypkZVUfSuA==",
      "dependencies": {
        "core-js-pure": "^3.30.2",
        "regenerator-runtime": "^0.14.0"
      },
      "engines": {
        "node": ">=6.9.0"
      }
    },
    "node_modules/@chevrotain/cst-dts-gen": {
      "version": "11.0.3",
      "resolved": "https://registry.npmjs.org/@chevrotain/cst-dts-gen/-/cst-dts-gen-11.0.3.tgz",
      "integrity": "sha512-BvIKpRLeS/8UbfxXxgC33xOumsacaeCKAjAeLyOn7Pcp95HiRbrpl14S+9vaZLolnbssPIUuiUd8IvgkRyt6NQ==",
      "dependencies": {
        "@chevrotain/gast": "11.0.3",
        "@chevrotain/types": "11.0.3",
        "lodash-es": "4.17.21"
      }
    },
    "node_modules/@chevrotain/gast": {
      "version": "11.0.3",
      "resolved": "https://registry.npmjs.org/@chevrotain/gast/-/gast-11.0.3.tgz",
      "integrity": "sha512-+qNfcoNk70PyS/uxmj3li5NiECO+2YKZZQMbmjTqRI3Qchu8Hig/Q9vgkHpI3alNjr7M+a2St5pw5w5F6NL5/Q==",
      "dependencies": {
        "@chevrotain/types": "11.0.3",
        "lodash-es": "4.17.21"
      }
    },
    "node_modules/@chevrotain/regexp-to-ast": {
      "version": "11.0.3",
      "resolved": "https://registry.npmjs.org/@chevrotain/regexp-to-ast/-/regexp-to-ast-11.0.3.tgz",
      "integrity": "sha512-1fMHaBZxLFvWI067AVbGJav1eRY7N8DDvYCTwGBiE/ytKBgP8azTdgyrKyWZ9Mfh09eHWb5PgTSO8wi7U824RA=="
    },
    "node_modules/@chevrotain/types": {
      "version": "11.0.3",
      "resolved": "https://registry.npmjs.org/@chevrotain/types/-/types-11.0.3.tgz",
      "integrity": "sha512-gsiM3G8b58kZC2HaWR50gu6Y1440cHiJ+i3JUvcp/35JchYejb2+5MVeJK0iKThYpAa/P2PYFV4hoi44HD+aHQ=="
    },
    "node_modules/@chevrotain/utils": {
      "version": "11.0.3",
      "resolved": "https://registry.npmjs.org/@chevrotain/utils/-/utils-11.0.3.tgz",
      "integrity": "sha512-YslZMgtJUyuMbZ+aKvfF3x1f5liK4mWNxghFRv7jqRR9C3R3fAOGTTKvxXDa2Y1s9zSbcpuO0cAxDYsc9SrXoQ=="
    },
    "node_modules/@fastify/busboy": {
      "version": "2.1.1",
      "resolved": "https://registry.npmjs.org/@fastify/busboy/-/busboy-2.1.1.tgz",
      "integrity": "sha512-vBZP4NlzfOlerQTnba4aqZoMhE/a9HY7HRqoOPaETQcSQuWEIyZMHGfVu6w9wGtGK5fED5qRs2DteVCjOH60sA==",
      "engines": {
        "node": ">=14"
      }
    },
    "node_modules/@octokit/auth-token": {
      "version": "4.0.0",
      "resolved": "https://registry.npmjs.org/@octokit/auth-token/-/auth-token-4.0.0.tgz",
      "integrity": "sha512-tY/msAuJo6ARbK6SPIxZrPBms3xPbfwBrulZe0Wtr/DIY9lje2HeV1uoebShn6mx7SjCHif6EjMvoREj+gZ+SA==",
      "engines": {
        "node": ">= 18"
      }
    },
    "node_modules/@octokit/core": {
      "version": "5.2.0",
      "resolved": "https://registry.npmjs.org/@octokit/core/-/core-5.2.0.tgz",
      "integrity": "sha512-1LFfa/qnMQvEOAdzlQymH0ulepxbxnCYAKJZfMci/5XJyIHWgEYnDmgnKakbTh7CH2tFQ5O60oYDvns4i9RAIg==",
      "dependencies": {
        "@octokit/auth-token": "^4.0.0",
        "@octokit/graphql": "^7.1.0",
        "@octokit/request": "^8.3.1",
        "@octokit/request-error": "^5.1.0",
        "@octokit/types": "^13.0.0",
        "before-after-hook": "^2.2.0",
        "universal-user-agent": "^6.0.0"
      },
      "engines": {
        "node": ">= 18"
      }
    },
    "node_modules/@octokit/endpoint": {
      "version": "9.0.5",
      "resolved": "https://registry.npmjs.org/@octokit/endpoint/-/endpoint-9.0.5.tgz",
      "integrity": "sha512-ekqR4/+PCLkEBF6qgj8WqJfvDq65RH85OAgrtnVp1mSxaXF03u2xW/hUdweGS5654IlC0wkNYC18Z50tSYTAFw==",
      "dependencies": {
        "@octokit/types": "^13.1.0",
        "universal-user-agent": "^6.0.0"
      },
      "engines": {
        "node": ">= 18"
      }
    },
    "node_modules/@octokit/graphql": {
      "version": "7.1.0",
      "resolved": "https://registry.npmjs.org/@octokit/graphql/-/graphql-7.1.0.tgz",
      "integrity": "sha512-r+oZUH7aMFui1ypZnAvZmn0KSqAUgE1/tUXIWaqUCa1758ts/Jio84GZuzsvUkme98kv0WFY8//n0J1Z+vsIsQ==",
      "dependencies": {
        "@octokit/request": "^8.3.0",
        "@octokit/types": "^13.0.0",
        "universal-user-agent": "^6.0.0"
      },
      "engines": {
        "node": ">= 18"
      }
    },
    "node_modules/@octokit/openapi-types": {
      "version": "22.2.0",
      "resolved": "https://registry.npmjs.org/@octokit/openapi-types/-/openapi-types-22.2.0.tgz",
      "integrity": "sha512-QBhVjcUa9W7Wwhm6DBFu6ZZ+1/t/oYxqc2tp81Pi41YNuJinbFRx8B133qVOrAaBbF7D/m0Et6f9/pZt9Rc+tg=="
    },
    "node_modules/@octokit/plugin-paginate-rest": {
      "version": "9.2.1",
      "resolved": "https://registry.npmjs.org/@octokit/plugin-paginate-rest/-/plugin-paginate-rest-9.2.1.tgz",
      "integrity": "sha512-wfGhE/TAkXZRLjksFXuDZdmGnJQHvtU/joFQdweXUgzo1XwvBCD4o4+75NtFfjfLK5IwLf9vHTfSiU3sLRYpRw==",
      "dependencies": {
        "@octokit/types": "^12.6.0"
      },
      "engines": {
        "node": ">= 18"
      },
      "peerDependencies": {
        "@octokit/core": "5"
      }
    },
    "node_modules/@octokit/plugin-paginate-rest/node_modules/@octokit/openapi-types": {
      "version": "20.0.0",
      "resolved": "https://registry.npmjs.org/@octokit/openapi-types/-/openapi-types-20.0.0.tgz",
      "integrity": "sha512-EtqRBEjp1dL/15V7WiX5LJMIxxkdiGJnabzYx5Apx4FkQIFgAfKumXeYAqqJCj1s+BMX4cPFIFC4OLCR6stlnA=="
    },
    "node_modules/@octokit/plugin-paginate-rest/node_modules/@octokit/types": {
      "version": "12.6.0",
      "resolved": "https://registry.npmjs.org/@octokit/types/-/types-12.6.0.tgz",
      "integrity": "sha512-1rhSOfRa6H9w4YwK0yrf5faDaDTb+yLyBUKOCV4xtCDB5VmIPqd/v9yr9o6SAzOAlRxMiRiCic6JVM1/kunVkw==",
      "dependencies": {
        "@octokit/openapi-types": "^20.0.0"
      }
    },
    "node_modules/@octokit/plugin-rest-endpoint-methods": {
      "version": "10.4.1",
      "resolved": "https://registry.npmjs.org/@octokit/plugin-rest-endpoint-methods/-/plugin-rest-endpoint-methods-10.4.1.tgz",
      "integrity": "sha512-xV1b+ceKV9KytQe3zCVqjg+8GTGfDYwaT1ATU5isiUyVtlVAO3HNdzpS4sr4GBx4hxQ46s7ITtZrAsxG22+rVg==",
      "dependencies": {
        "@octokit/types": "^12.6.0"
      },
      "engines": {
        "node": ">= 18"
      },
      "peerDependencies": {
        "@octokit/core": "5"
      }
    },
    "node_modules/@octokit/plugin-rest-endpoint-methods/node_modules/@octokit/openapi-types": {
      "version": "20.0.0",
      "resolved": "https://registry.npmjs.org/@octokit/openapi-types/-/openapi-types-20.0.0.tgz",
      "integrity": "sha512-EtqRBEjp1dL/15V7WiX5LJMIxxkdiGJnabzYx5Apx4FkQIFgAfKumXeYAqqJCj1s+BMX4cPFIFC4OLCR6stlnA=="
    },
    "node_modules/@octokit/plugin-rest-endpoint-methods/node_modules/@octokit/types": {
      "version": "12.6.0",
      "resolved": "https://registry.npmjs.org/@octokit/types/-/types-12.6.0.tgz",
      "integrity": "sha512-1rhSOfRa6H9w4YwK0yrf5faDaDTb+yLyBUKOCV4xtCDB5VmIPqd/v9yr9o6SAzOAlRxMiRiCic6JVM1/kunVkw==",
      "dependencies": {
        "@octokit/openapi-types": "^20.0.0"
      }
    },
    "node_modules/@octokit/request": {
      "version": "8.4.0",
      "resolved": "https://registry.npmjs.org/@octokit/request/-/request-8.4.0.tgz",
      "integrity": "sha512-9Bb014e+m2TgBeEJGEbdplMVWwPmL1FPtggHQRkV+WVsMggPtEkLKPlcVYm/o8xKLkpJ7B+6N8WfQMtDLX2Dpw==",
      "dependencies": {
        "@octokit/endpoint": "^9.0.1",
        "@octokit/request-error": "^5.1.0",
        "@octokit/types": "^13.1.0",
        "universal-user-agent": "^6.0.0"
      },
      "engines": {
        "node": ">= 18"
      }
    },
    "node_modules/@octokit/request-error": {
      "version": "5.1.0",
      "resolved": "https://registry.npmjs.org/@octokit/request-error/-/request-error-5.1.0.tgz",
      "integrity": "sha512-GETXfE05J0+7H2STzekpKObFe765O5dlAKUTLNGeH+x47z7JjXHfsHKo5z21D/o/IOZTUEI6nyWyR+bZVP/n5Q==",
      "dependencies": {
        "@octokit/types": "^13.1.0",
        "deprecation": "^2.0.0",
        "once": "^1.4.0"
      },
      "engines": {
        "node": ">= 18"
      }
    },
    "node_modules/@octokit/types": {
      "version": "13.5.0",
      "resolved": "https://registry.npmjs.org/@octokit/types/-/types-13.5.0.tgz",
      "integrity": "sha512-HdqWTf5Z3qwDVlzCrP8UJquMwunpDiMPt5er+QjGzL4hqr/vBVY/MauQgS1xWxCDT1oMx1EULyqxncdCY/NVSQ==",
      "dependencies": {
        "@octokit/openapi-types": "^22.2.0"
      }
    },
    "node_modules/@pallad/builder": {
      "version": "1.0.1",
      "resolved": "https://registry.npmjs.org/@pallad/builder/-/builder-1.0.1.tgz",
      "integrity": "sha512-0P0vZ19MdS00BoSrFD8BOdTc+WEIHqp6E0x7XADj3yS+fsUEblJib2l8eAaaIkRKO7qZBQeC3zk+EODhpkZ3+w==",
      "peer": true
    },
    "node_modules/@pallad/compare": {
      "version": "1.2.0",
      "resolved": "https://registry.npmjs.org/@pallad/compare/-/compare-1.2.0.tgz",
      "integrity": "sha512-reXi3EkI1iEFtNPHQ3rmy/pUXLwAksbj7ek7NPDTxy/mFQy0g2JL0dT+UI/pAAJ96IldsfVA5vhMDf/p+bUb7w==",
      "peer": true,
      "dependencies": {
        "tslib": "^2.4.1"
      }
    },
    "node_modules/@pallad/config": {
      "version": "4.0.1",
      "resolved": "https://registry.npmjs.org/@pallad/config/-/config-4.0.1.tgz",
      "integrity": "sha512-eMAamyDZvEEhdR58iiNwuyuvKFwAdxnmfYJlrarANlYYS3xK7gws5H+0auMrNSY4aR8Tb5IPutnT94PxCbNrmA==",
      "peer": true,
      "dependencies": {
        "@pallad/compare": "^1.2.0",
        "@pallad/errors": "^1.0.1",
        "@pallad/range": "^3.1.0",
        "@pallad/secret": "^1.1.1",
        "@pallad/type-check": "^1.2.0",
        "@sweet-monads/either": "^3",
        "@sweet-monads/maybe": "^3",
        "iso8601-duration": "^2.1.2",
        "predicates": "^2.0.3",
        "tslib": "^2",
        "yn": "^4.0.0"
      }
    },
    "node_modules/@pallad/config-common": {
      "version": "4.0.1",
      "resolved": "https://registry.npmjs.org/@pallad/config-common/-/config-common-4.0.1.tgz",
      "integrity": "sha512-ghdSDx25LJB8yGvu1dSVVixhdmSEIqko66WqQQHjphxzPAx+Ji2IY2Rfjg8/euz1RUqYbNvcA1zCzFhmNaGqJA=="
    },
    "node_modules/@pallad/config-toml": {
      "version": "4.0.1",
      "resolved": "https://registry.npmjs.org/@pallad/config-toml/-/config-toml-4.0.1.tgz",
      "integrity": "sha512-5lqVXYK8AAIHqmhH8r/isym3JgmD3Jx3hXN6AaVonxhD5e1fN677Ub0edYW9nTh9DmG+K/5wowgoEGuPdNIiPQ==",
      "dependencies": {
        "@pallad/config-common": "^4.0.1",
        "@pallad/errors": "^1.0.1",
        "@sweet-monads/either": "^3",
        "@sweet-monads/maybe": "^3",
        "deepmerge": "^4.3.1",
        "js-toml": "^1.0.0",
        "object-path": "^0.11.8",
        "tslib": "^2"
      },
      "peerDependencies": {
        "@pallad/config": "*"
      }
    },
    "node_modules/@pallad/errors": {
      "version": "1.0.1",
      "resolved": "https://registry.npmjs.org/@pallad/errors/-/errors-1.0.1.tgz",
      "integrity": "sha512-v4NL/PZvZ+Wt/WX3+qd5kU0Uz/Yiw0q+CbHMXVyr4YcUuKNrm1V1KQ/a9oZ3bnvp56kRElpNW2QWpVdZKscmyw==",
      "dependencies": {
        "@pallad/type-check": "^1.2.0"
      }
    },
    "node_modules/@pallad/range": {
      "version": "3.1.0",
      "resolved": "https://registry.npmjs.org/@pallad/range/-/range-3.1.0.tgz",
      "integrity": "sha512-m8Wz5IBiFRNKZm44JkFAz/wJyCe2G+x4rII4fbFfAVu76nl8jAmabVqyTCAVksufPtb1bgCjBzesKiyYxBSk8A==",
      "peer": true,
      "dependencies": {
        "@pallad/compare": "^1.2.0",
        "@pallad/type-check": "^1.2.0",
        "alpha-errors": "^0.4.0"
      }
    },
    "node_modules/@pallad/secret": {
      "version": "1.1.1",
      "resolved": "https://registry.npmjs.org/@pallad/secret/-/secret-1.1.1.tgz",
      "integrity": "sha512-pthoZPUqpx67ll2MDQF5xVv/qZjb8ATEqkHONVL5x5UAhMfegA+YEOoEx5J4NWBeQyqA7p8QkrmlmiuYXDaDDg==",
      "peer": true,
      "dependencies": {
        "predicates": "^2.0.3"
      },
      "peerDependencies": {
        "tslib": "^2"
      }
    },
    "node_modules/@pallad/type-check": {
      "version": "1.2.0",
      "resolved": "https://registry.npmjs.org/@pallad/type-check/-/type-check-1.2.0.tgz",
      "integrity": "sha512-l3b6qF2XEOPZKm2RXgHA1vOH5BcCPNnrvKX7syPXmdQ8PMxs84rNIrNNmoKk+LcPT/EJB157/rYjvDD2L1uISA=="
    },
    "node_modules/@sweet-monads/either": {
      "version": "3.3.1",
      "resolved": "https://registry.npmjs.org/@sweet-monads/either/-/either-3.3.1.tgz",
      "integrity": "sha512-9Yi6KITRWJ1dIiO2XD5HTa3P2KSYIuZBMOHNqpDetpFTjwe5WJJqjCIIc0Bw1mkTfAbqhLhDov6BGK8MEGrLXQ==",
      "dependencies": {
        "@sweet-monads/interfaces": "^3.3.0"
      }
    },
    "node_modules/@sweet-monads/interfaces": {
      "version": "3.3.0",
      "resolved": "https://registry.npmjs.org/@sweet-monads/interfaces/-/interfaces-3.3.0.tgz",
      "integrity": "sha512-66akGvjPD4lizQy+w4JSltJilc2w/QPdw8lPAniLJGHwyjmrw9xMJLx76Q/GDnbCU59Werses4aZJLWOlJrL5A=="
    },
    "node_modules/@sweet-monads/maybe": {
      "version": "3.3.1",
      "resolved": "https://registry.npmjs.org/@sweet-monads/maybe/-/maybe-3.3.1.tgz",
      "integrity": "sha512-aWBg4Uxsw60GEQUByx9nlZ+jhEmQUug6wfDsTNFFH2fRPx3YwwDJAljqYdw3LzYQfAF3a1cyN5VFWDujPPDFpw==",
      "dependencies": {
        "@sweet-monads/interfaces": "^3.3.0"
      }
    },
    "node_modules/@vercel/ncc": {
      "version": "0.38.1",
      "resolved": "https://registry.npmjs.org/@vercel/ncc/-/ncc-0.38.1.tgz",
      "integrity": "sha512-IBBb+iI2NLu4VQn3Vwldyi2QwaXt5+hTyh58ggAMoCGE6DJmPvwL3KPBWcJl1m9LYPChBLE980Jw+CS4Wokqxw==",
      "dev": true,
      "bin": {
        "ncc": "dist/ncc/cli.js"
      }
    },
    "node_modules/@xmldom/xmldom": {
      "version": "0.8.10",
      "resolved": "https://registry.npmjs.org/@xmldom/xmldom/-/xmldom-0.8.10.tgz",
      "integrity": "sha512-2WALfTl4xo2SkGCYRt6rDTFfk9R1czmBvUQy12gK2KuRKIpWEhcbbzy8EZXtz/jkRqHX8bFEc6FC1HjX4TUWYw==",
      "engines": {
        "node": ">=10.0.0"
      }
    },
    "node_modules/alpha-errors": {
      "version": "0.4.0",
      "resolved": "https://registry.npmjs.org/alpha-errors/-/alpha-errors-0.4.0.tgz",
      "integrity": "sha512-5wPqDzK6AuSVFWIy5wI8UQDziDiSX/LIOf50kvwJUseiXGAL7d3bTlgwQokC8BF0l8OiwKHCeQjj4CQf1EfUAQ==",
      "peer": true,
      "dependencies": {
        "@pallad/builder": "^1.0.1"
      }
    },
    "node_modules/array-find": {
      "version": "1.0.0",
      "resolved": "https://registry.npmjs.org/array-find/-/array-find-1.0.0.tgz",
      "integrity": "sha512-kO/vVCacW9mnpn3WPWbTVlEnOabK2L7LWi2HViURtCM46y1zb6I8UMjx4LgbiqadTgHnLInUronwn3ampNTJtQ==",
      "peer": true
    },
    "node_modules/before-after-hook": {
      "version": "2.2.3",
      "resolved": "https://registry.npmjs.org/before-after-hook/-/before-after-hook-2.2.3.tgz",
      "integrity": "sha512-NzUnlZexiaH/46WDhANlyR2bXRopNg4F/zuSA3OpZnllCUgRaOF2znDioDWrmbNVsuZk6l9pMquQB38cfBZwkQ=="
    },
    "node_modules/chevrotain": {
      "version": "11.0.3",
      "resolved": "https://registry.npmjs.org/chevrotain/-/chevrotain-11.0.3.tgz",
      "integrity": "sha512-ci2iJH6LeIkvP9eJW6gpueU8cnZhv85ELY8w8WiFtNjMHA5ad6pQLaJo9mEly/9qUyCpvqX8/POVUTf18/HFdw==",
      "dependencies": {
        "@chevrotain/cst-dts-gen": "11.0.3",
        "@chevrotain/gast": "11.0.3",
        "@chevrotain/regexp-to-ast": "11.0.3",
        "@chevrotain/types": "11.0.3",
        "@chevrotain/utils": "11.0.3",
        "lodash-es": "4.17.21"
      }
    },
    "node_modules/confbox": {
      "version": "0.1.7",
      "resolved": "https://registry.npmjs.org/confbox/-/confbox-0.1.7.tgz",
      "integrity": "sha512-uJcB/FKZtBMCJpK8MQji6bJHgu1tixKPxRLeGkNzBoOZzpnZUJm0jm2/sBDWcuBx1dYgxV4JU+g5hmNxCyAmdA=="
    },
    "node_modules/core-js-pure": {
      "version": "3.37.1",
      "resolved": "https://registry.npmjs.org/core-js-pure/-/core-js-pure-3.37.1.tgz",
      "integrity": "sha512-J/r5JTHSmzTxbiYYrzXg9w1VpqrYt+gexenBE9pugeyhwPZTAEJddyiReJWsLO6uNQ8xJZFbod6XC7KKwatCiA==",
      "hasInstallScript": true,
      "funding": {
        "type": "opencollective",
        "url": "https://opencollective.com/core-js"
      }
    },
    "node_modules/deepmerge": {
      "version": "4.3.1",
      "resolved": "https://registry.npmjs.org/deepmerge/-/deepmerge-4.3.1.tgz",
      "integrity": "sha512-3sUqbMEc77XqpdNO7FRyRog+eW3ph+GYCbj+rK+uYyRMuwsVy0rMiVtPn+QJlKFvWP/1PYpapqYn0Me2knFn+A==",
      "engines": {
        "node": ">=0.10.0"
      }
    },
    "node_modules/deprecation": {
      "version": "2.3.1",
      "resolved": "https://registry.npmjs.org/deprecation/-/deprecation-2.3.1.tgz",
      "integrity": "sha512-xmHIy4F3scKVwMsQ4WnVaS8bHOx0DmVwRywosKhaILI0ywMDWPtBSku2HNxRvF7jtwDRsoEwYQSfbxj8b7RlJQ=="
    },
    "node_modules/iso8601-duration": {
      "version": "2.1.2",
      "resolved": "https://registry.npmjs.org/iso8601-duration/-/iso8601-duration-2.1.2.tgz",
      "integrity": "sha512-yXteYUiKv6x8seaDzyBwnZtPpmx766KfvQuaVNyPifYOjmPdOo3ajd4phDNa7Y5mTQGnXsNEcXFtVun1FjYXxQ==",
      "peer": true
    },
    "node_modules/js-toml": {
      "version": "1.0.0",
      "resolved": "https://registry.npmjs.org/js-toml/-/js-toml-1.0.0.tgz",
      "integrity": "sha512-G757004huuG5Cjg8KUoVTS4zNRR4449KG8kjtFQS0yyQnceq3KfxcArThcqUV2cwdpd0C9I+e1WciK3Xm4cWJw==",
      "dependencies": {
        "chevrotain": "^11.0.3",
        "xregexp": "^5.1.1"
      }
    },
    "node_modules/lodash-es": {
      "version": "4.17.21",
      "resolved": "https://registry.npmjs.org/lodash-es/-/lodash-es-4.17.21.tgz",
      "integrity": "sha512-mKnC+QJ9pWVzv+C4/U3rRsHapFfHvQFoFB92e52xeyGMcX6/OlIl78je1u8vePzYZSkkogMPJ2yjxxsb89cxyw=="
    },
    "node_modules/object-path": {
      "version": "0.11.8",
      "resolved": "https://registry.npmjs.org/object-path/-/object-path-0.11.8.tgz",
      "integrity": "sha512-YJjNZrlXJFM42wTBn6zgOJVar9KFJvzx6sTWDte8sWZF//cnjl0BxHNpfZx+ZffXX63A9q0b1zsFiBX4g4X5KA==",
      "engines": {
        "node": ">= 10.12.0"
      }
    },
    "node_modules/once": {
      "version": "1.4.0",
      "resolved": "https://registry.npmjs.org/once/-/once-1.4.0.tgz",
      "integrity": "sha512-lNaJgI+2Q5URQBkccEKHTQOPaXdUxnZZElQTZY0MFUAuaEqe1E+Nyvgdz/aIyNi6Z9MzO5dv1H8n58/GELp3+w==",
      "dependencies": {
        "wrappy": "1"
      }
    },
    "node_modules/predicates": {
      "version": "2.0.3",
      "resolved": "https://registry.npmjs.org/predicates/-/predicates-2.0.3.tgz",
      "integrity": "sha512-eL+bhIiWrD+kx/olyYBcAFn258Oo9MTB7iehgBIaflVS8DBLuVtQvOpwgWwlya6YFUIiKaVoA3HaBNJuVNcyIA==",
      "peer": true,
      "dependencies": {
        "array-find": "^1.0.0"
      },
      "engines": {
        "node": ">=4.3"
      }
    },
    "node_modules/regenerator-runtime": {
      "version": "0.14.1",
      "resolved": "https://registry.npmjs.org/regenerator-runtime/-/regenerator-runtime-0.14.1.tgz",
      "integrity": "sha512-dYnhHh0nJoMfnkZs6GmmhFknAGRrLznOu5nc9ML+EJxGvrx6H7teuevqVqCuPcPK//3eDrrjQhehXVx9cnkGdw=="
    },
    "node_modules/tslib": {
      "version": "2.6.3",
      "resolved": "https://registry.npmjs.org/tslib/-/tslib-2.6.3.tgz",
      "integrity": "sha512-xNvxJEOUiWPGhUuUdQgAJPKOOJfGnIyKySOc09XkKsgdUV/3E2zvwZYdejjmRgPCgcym1juLH3226yA7sEFJKQ=="
    },
    "node_modules/tunnel": {
      "version": "0.0.6",
      "resolved": "https://registry.npmjs.org/tunnel/-/tunnel-0.0.6.tgz",
      "integrity": "sha512-1h/Lnq9yajKY2PEbBadPXj3VxsDDu844OnaAo52UVmIzIvwwtBPIuNvkjuzBlTWpfJyUbG3ez0KSBibQkj4ojg==",
      "engines": {
        "node": ">=0.6.11 <=0.7.0 || >=0.7.3"
      }
    },
    "node_modules/undici": {
      "version": "5.28.4",
      "resolved": "https://registry.npmjs.org/undici/-/undici-5.28.4.tgz",
      "integrity": "sha512-72RFADWFqKmUb2hmmvNODKL3p9hcB6Gt2DOQMis1SEBaV6a4MH8soBvzg+95CYhCKPFedut2JY9bMfrDl9D23g==",
      "dependencies": {
        "@fastify/busboy": "^2.0.0"
      },
      "engines": {
        "node": ">=14.0"
      }
    },
    "node_modules/universal-user-agent": {
      "version": "6.0.1",
      "resolved": "https://registry.npmjs.org/universal-user-agent/-/universal-user-agent-6.0.1.tgz",
      "integrity": "sha512-yCzhz6FN2wU1NiiQRogkTQszlQSlpWaw8SvVegAc+bDxbzHgh1vX8uIe8OYyMH6DwH+sdTJsgMl36+mSMdRJIQ=="
    },
    "node_modules/uuid": {
      "version": "8.3.2",
      "resolved": "https://registry.npmjs.org/uuid/-/uuid-8.3.2.tgz",
      "integrity": "sha512-+NYs2QeMWy+GWFOEm9xnn6HCDp0l7QBD7ml8zLUmJ+93Q5NF0NocErnwkTkXVFNiX3/fpC6afS8Dhb/gz7R7eg==",
      "bin": {
        "uuid": "dist/bin/uuid"
      }
    },
    "node_modules/wrappy": {
      "version": "1.0.2",
      "resolved": "https://registry.npmjs.org/wrappy/-/wrappy-1.0.2.tgz",
      "integrity": "sha512-l4Sp/DRseor9wL6EvV2+TuQn63dMkPjZ/sp9XkghTEbV9KlPS1xUsZ3u7/IQO4wxtcFB4bgpQPRcR3QCvezPcQ=="
    },
    "node_modules/xregexp": {
      "version": "5.1.1",
      "resolved": "https://registry.npmjs.org/xregexp/-/xregexp-5.1.1.tgz",
      "integrity": "sha512-fKXeVorD+CzWvFs7VBuKTYIW63YD1e1osxwQ8caZ6o1jg6pDAbABDG54LCIq0j5cy7PjRvGIq6sef9DYPXpncg==",
      "dependencies": {
        "@babel/runtime-corejs3": "^7.16.5"
      }
    },
    "node_modules/yn": {
      "version": "4.0.0",
      "resolved": "https://registry.npmjs.org/yn/-/yn-4.0.0.tgz",
      "integrity": "sha512-huWiiCS4TxKc4SfgmTwW1K7JmXPPAmuXWYy4j9qjQo4+27Kni8mGhAAi1cloRWmBe2EqcLgt3IGqQoRL/MtPgg==",
      "peer": true,
      "engines": {
        "node": ">=10"
      }
    }
  }
}
